// !$*UTF8*$!
{
	archiveVersion = 1;
	classes = {
	};
	objectVersion = 56;
	objects = {

/* Begin PBXBuildFile section */
		CE3426A62B4ACBE500B3970E /* lomlChat_SwiftUIApp.swift in Sources */ = {isa = PBXBuildFile; fileRef = CE3426A52B4ACBE500B3970E /* lomlChat_SwiftUIApp.swift */; };
		CE3426A82B4ACBE500B3970E /* ContentView.swift in Sources */ = {isa = PBXBuildFile; fileRef = CE3426A72B4ACBE500B3970E /* ContentView.swift */; };
		CE3426AA2B4ACBE800B3970E /* Assets.xcassets in Resources */ = {isa = PBXBuildFile; fileRef = CE3426A92B4ACBE800B3970E /* Assets.xcassets */; };
		CE3426AD2B4ACBE800B3970E /* Preview Assets.xcassets in Resources */ = {isa = PBXBuildFile; fileRef = CE3426AC2B4ACBE800B3970E /* Preview Assets.xcassets */; };
		CE3426B42B4ACCC800B3970E /* RegisterView.swift in Sources */ = {isa = PBXBuildFile; fileRef = CE3426B32B4ACCC800B3970E /* RegisterView.swift */; };
		CE3426B62B4ACD8F00B3970E /* LoginView.swift in Sources */ = {isa = PBXBuildFile; fileRef = CE3426B52B4ACD8F00B3970E /* LoginView.swift */; };
		CE3426B82B4ACEF100B3970E /* ChatView.swift in Sources */ = {isa = PBXBuildFile; fileRef = CE3426B72B4ACEF100B3970E /* ChatView.swift */; };
		CE3426BA2B4AD15A00B3970E /* MessageManager.swift in Sources */ = {isa = PBXBuildFile; fileRef = CE3426B92B4AD15A00B3970E /* MessageManager.swift */; };
		CE3426BC2B4AD23300B3970E /* Message.swift in Sources */ = {isa = PBXBuildFile; fileRef = CE3426BB2B4AD23300B3970E /* Message.swift */; };
/* End PBXBuildFile section */

/* Begin PBXFileReference section */
		CE3426A22B4ACBE500B3970E /* lomlChat-SwiftUI.app */ = {isa = PBXFileReference; explicitFileType = wrapper.application; includeInIndex = 0; path = "lomlChat-SwiftUI.app"; sourceTree = BUILT_PRODUCTS_DIR; };
		CE3426A52B4ACBE500B3970E /* lomlChat_SwiftUIApp.swift */ = {isa = PBXFileReference; lastKnownFileType = sourcecode.swift; path = lomlChat_SwiftUIApp.swift; sourceTree = "<group>"; };
		CE3426A72B4ACBE500B3970E /* ContentView.swift */ = {isa = PBXFileReference; lastKnownFileType = sourcecode.swift; path = ContentView.swift; sourceTree = "<group>"; };
		CE3426A92B4ACBE800B3970E /* Assets.xcassets */ = {isa = PBXFileReference; lastKnownFileType = folder.assetcatalog; path = Assets.xcassets; sourceTree = "<group>"; };
		CE3426AC2B4ACBE800B3970E /* Preview Assets.xcassets */ = {isa = PBXFileReference; lastKnownFileType = folder.assetcatalog; path = "Preview Assets.xcassets"; sourceTree = "<group>"; };
		CE3426B32B4ACCC800B3970E /* RegisterView.swift */ = {isa = PBXFileReference; lastKnownFileType = sourcecode.swift; path = RegisterView.swift; sourceTree = "<group>"; };
		CE3426B52B4ACD8F00B3970E /* LoginView.swift */ = {isa = PBXFileReference; lastKnownFileType = sourcecode.swift; path = LoginView.swift; sourceTree = "<group>"; };
		CE3426B72B4ACEF100B3970E /* ChatView.swift */ = {isa = PBXFileReference; lastKnownFileType = sourcecode.swift; name = ChatView.swift; path = "../../Let's Chat-SwiftUI/ChatView.swift"; sourceTree = "<group>"; };
		CE3426B92B4AD15A00B3970E /* MessageManager.swift */ = {isa = PBXFileReference; lastKnownFileType = sourcecode.swift; path = MessageManager.swift; sourceTree = "<group>"; };
		CE3426BB2B4AD23300B3970E /* Message.swift */ = {isa = PBXFileReference; lastKnownFileType = sourcecode.swift; path = Message.swift; sourceTree = "<group>"; };
/* End PBXFileReference section */

/* Begin PBXFrameworksBuildPhase section */
		CE34269F2B4ACBE500B3970E /* Frameworks */ = {
			isa = PBXFrameworksBuildPhase;
			buildActionMask = 2147483647;
			files = (
			);
			runOnlyForDeploymentPostprocessing = 0;
		};
/* End PBXFrameworksBuildPhase section */

/* Begin PBXGroup section */
		CE3426992B4ACBE500B3970E = {
			isa = PBXGroup;
			children = (
				CE3426A42B4ACBE500B3970E /* lomlChat-SwiftUI */,
				CE3426A32B4ACBE500B3970E /* Products */,
			);
			sourceTree = "<group>";
		};
		CE3426A32B4ACBE500B3970E /* Products */ = {
			isa = PBXGroup;
			children = (
				CE3426A22B4ACBE500B3970E /* lomlChat-SwiftUI.app */,
			);
			name = Products;
			sourceTree = "<group>";
		};
		CE3426A42B4ACBE500B3970E /* lomlChat-SwiftUI */ = {
			isa = PBXGroup;
			children = (
				CE3426A52B4ACBE500B3970E /* lomlChat_SwiftUIApp.swift */,
				CE3426A72B4ACBE500B3970E /* ContentView.swift */,
				CE3426B52B4ACD8F00B3970E /* LoginView.swift */,
				CE3426B72B4ACEF100B3970E /* ChatView.swift */,
				CE3426BB2B4AD23300B3970E /* Message.swift */,
				CE3426B92B4AD15A00B3970E /* MessageManager.swift */,
				CE3426B32B4ACCC800B3970E /* RegisterView.swift */,
				CE3426A92B4ACBE800B3970E /* Assets.xcassets */,
				CE3426AB2B4ACBE800B3970E /* Preview Content */,
			);
			path = "lomlChat-SwiftUI";
			sourceTree = "<group>";
		};
		CE3426AB2B4ACBE800B3970E /* Preview Content */ = {
			isa = PBXGroup;
			children = (
				CE3426AC2B4ACBE800B3970E /* Preview Assets.xcassets */,
			);
			path = "Preview Content";
			sourceTree = "<group>";
		};
/* End PBXGroup section */

/* Begin PBXNativeTarget section */
		CE3426A12B4ACBE500B3970E /* lomlChat-SwiftUI */ = {
			isa = PBXNativeTarget;
			buildConfigurationList = CE3426B02B4ACBE800B3970E /* Build configuration list for PBXNativeTarget "lomlChat-SwiftUI" */;
			buildPhases = (
				CE34269E2B4ACBE500B3970E /* Sources */,
				CE34269F2B4ACBE500B3970E /* Frameworks */,
				CE3426A02B4ACBE500B3970E /* Resources */,
			);
			buildRules = (
			);
			dependencies = (
			);
			name = "lomlChat-SwiftUI";
			productName = "lomlChat-SwiftUI";
			productReference = CE3426A22B4ACBE500B3970E /* lomlChat-SwiftUI.app */;
			productType = "com.apple.product-type.application";
		};
/* End PBXNativeTarget section */

/* Begin PBXProject section */
		CE34269A2B4ACBE500B3970E /* Project object */ = {
			isa = PBXProject;
			attributes = {
				BuildIndependentTargetsInParallel = 1;
				LastSwiftUpdateCheck = 1510;
				LastUpgradeCheck = 1510;
				TargetAttributes = {
					CE3426A12B4ACBE500B3970E = {
						CreatedOnToolsVersion = 15.1;
					};
				};
			};
			buildConfigurationList = CE34269D2B4ACBE500B3970E /* Build configuration list for PBXProject "lomlChat-SwiftUI" */;
			compatibilityVersion = "Xcode 14.0";
			developmentRegion = en;
			hasScannedForEncodings = 0;
			knownRegions = (
				en,
				Base,
			);
			mainGroup = CE3426992B4ACBE500B3970E;
			productRefGroup = CE3426A32B4ACBE500B3970E /* Products */;
			projectDirPath = "";
			projectRoot = "";
			targets = (
				CE3426A12B4ACBE500B3970E /* lomlChat-SwiftUI */,
			);
		};
/* End PBXProject section */

/* Begin PBXResourcesBuildPhase section */
		CE3426A02B4ACBE500B3970E /* Resources */ = {
			isa = PBXResourcesBuildPhase;
			buildActionMask = 2147483647;
			files = (
				CE3426AD2B4ACBE800B3970E /* Preview Assets.xcassets in Resources */,
				CE3426AA2B4ACBE800B3970E /* Assets.xcassets in Resources */,
			);
			runOnlyForDeploymentPostprocessing = 0;
		};
/* End PBXResourcesBuildPhase section */

/* Begin PBXSourcesBuildPhase section */
		CE34269E2B4ACBE500B3970E /* Sources */ = {
			isa = PBXSourcesBuildPhase;
			buildActionMask = 2147483647;
			files = (
				CE3426B42B4ACCC800B3970E /* RegisterView.swift in Sources */,
				CE3426A82B4ACBE500B3970E /* ContentView.swift in Sources */,
				CE3426B82B4ACEF100B3970E /* ChatView.swift in Sources */,
				CE3426BA2B4AD15A00B3970E /* MessageManager.swift in Sources */,
				CE3426B62B4ACD8F00B3970E /* LoginView.swift in Sources */,
				CE3426A62B4ACBE500B3970E /* lomlChat_SwiftUIApp.swift in Sources */,
				CE3426BC2B4AD23300B3970E /* Message.swift in Sources */,
			);
			runOnlyForDeploymentPostprocessing = 0;
		};
/* End PBXSourcesBuildPhase section */

/* Begin XCBuildConfiguration section */
		CE3426AE2B4ACBE800B3970E /* Debug */ = {
			isa = XCBuildConfiguration;
			buildSettings = {
				ALWAYS_SEARCH_USER_PATHS = NO;
				ASSETCATALOG_COMPILER_GENERATE_SWIFT_ASSET_SYMBOL_EXTENSIONS = YES;
				CLANG_ANALYZER_NONNULL = YES;
				CLANG_ANALYZER_NUMBER_OBJECT_CONVERSION = YES_AGGRESSIVE;
				CLANG_CXX_LANGUAGE_STANDARD = "gnu++20";
				CLANG_ENABLE_MODULES = YES;
				CLANG_ENABLE_OBJC_ARC = YES;
				CLANG_ENABLE_OBJC_WEAK = YES;
				CLANG_WARN_BLOCK_CAPTURE_AUTORELEASING = YES;
				CLANG_WARN_BOOL_CONVERSION = YES;
				CLANG_WARN_COMMA = YES;
				CLANG_WARN_CONSTANT_CONVERSION = YES;
				CLANG_WARN_DEPRECATED_OBJC_IMPLEMENTATIONS = YES;
				CLANG_WARN_DIRECT_OBJC_ISA_USAGE = YES_ERROR;
				CLANG_WARN_DOCUMENTATION_COMMENTS = YES;
				CLANG_WARN_EMPTY_BODY = YES;
				CLANG_WARN_ENUM_CONVERSION = YES;
				CLANG_WARN_INFINITE_RECURSION = YES;
				CLANG_WARN_INT_CONVERSION = YES;
				CLANG_WARN_NON_LITERAL_NULL_CONVERSION = YES;
				CLANG_WARN_OBJC_IMPLICIT_RETAIN_SELF = YES;
				CLANG_WARN_OBJC_LITERAL_CONVERSION = YES;
				CLANG_WARN_OBJC_ROOT_CLASS = YES_ERROR;
				CLANG_WARN_QUOTED_INCLUDE_IN_FRAMEWORK_HEADER = YES;
				CLANG_WARN_RANGE_LOOP_ANALYSIS = YES;
				CLANG_WARN_STRICT_PROTOTYPES = YES;
				CLANG_WARN_SUSPICIOUS_MOVE = YES;
				CLANG_WARN_UNGUARDED_AVAILABILITY = YES_AGGRESSIVE;
				CLANG_WARN_UNREACHABLE_CODE = YES;
				CLANG_WARN__DUPLICATE_METHOD_MATCH = YES;
				COPY_PHASE_STRIP = NO;
				DEBUG_INFORMATION_FORMAT = dwarf;
				ENABLE_STRICT_OBJC_MSGSEND = YES;
				ENABLE_TESTABILITY = YES;
				ENABLE_USER_SCRIPT_SANDBOXING = YES;
				GCC_C_LANGUAGE_STANDARD = gnu17;
				GCC_DYNAMIC_NO_PIC = NO;
				GCC_NO_COMMON_BLOCKS = YES;
				GCC_OPTIMIZATION_LEVEL = 0;
				GCC_PREPROCESSOR_DEFINITIONS = (
					"DEBUG=1",
					"$(inherited)",
				);
				GCC_WARN_64_TO_32_BIT_CONVERSION = YES;
				GCC_WARN_ABOUT_RETURN_TYPE = YES_ERROR;
				GCC_WARN_UNDECLARED_SELECTOR = YES;
				GCC_WARN_UNINITIALIZED_AUTOS = YES_AGGRESSIVE;
				GCC_WARN_UNUSED_FUNCTION = YES;
				GCC_WARN_UNUSED_VARIABLE = YES;
				IPHONEOS_DEPLOYMENT_TARGET = 17.2;
				LOCALIZATION_PREFERS_STRING_CATALOGS = YES;
				MTL_ENABLE_DEBUG_INFO = INCLUDE_SOURCE;
				MTL_FAST_MATH = YES;
				ONLY_ACTIVE_ARCH = YES;
				SDKROOT = iphoneos;
				SWIFT_ACTIVE_COMPILATION_CONDITIONS = "DEBUG $(inherited)";
				SWIFT_OPTIMIZATION_LEVEL = "-Onone";
			};
			name = Debug;
		};
		CE3426AF2B4ACBE800B3970E /* Release */ = {
			isa = XCBuildConfiguration;
			buildSettings = {
				ALWAYS_SEARCH_USER_PATHS = NO;
				ASSETCATALOG_COMPILER_GENERATE_SWIFT_ASSET_SYMBOL_EXTENSIONS = YES;
				CLANG_ANALYZER_NONNULL = YES;
				CLANG_ANALYZER_NUMBER_OBJECT_CONVERSION = YES_AGGRESSIVE;
				CLANG_CXX_LANGUAGE_STANDARD = "gnu++20";
				CLANG_ENABLE_MODULES = YES;
				CLANG_ENABLE_OBJC_ARC = YES;
				CLANG_ENABLE_OBJC_WEAK = YES;
				CLANG_WARN_BLOCK_CAPTURE_AUTORELEASING = YES;
				CLANG_WARN_BOOL_CONVERSION = YES;
				CLANG_WARN_COMMA = YES;
				CLANG_WARN_CONSTANT_CONVERSION = YES;
				CLANG_WARN_DEPRECATED_OBJC_IMPLEMENTATIONS = YES;
				CLANG_WARN_DIRECT_OBJC_ISA_USAGE = YES_ERROR;
				CLANG_WARN_DOCUMENTATION_COMMENTS = YES;
				CLANG_WARN_EMPTY_BODY = YES;
				CLANG_WARN_ENUM_CONVERSION = YES;
				CLANG_WARN_INFINITE_RECURSION = YES;
				CLANG_WARN_INT_CONVERSION = YES;
				CLANG_WARN_NON_LITERAL_NULL_CONVERSION = YES;
				CLANG_WARN_OBJC_IMPLICIT_RETAIN_SELF = YES;
				CLANG_WARN_OBJC_LITERAL_CONVERSION = YES;
				CLANG_WARN_OBJC_ROOT_CLASS = YES_ERROR;
				CLANG_WARN_QUOTED_INCLUDE_IN_FRAMEWORK_HEADER = YES;
				CLANG_WARN_RANGE_LOOP_ANALYSIS = YES;
				CLANG_WARN_STRICT_PROTOTYPES = YES;
				CLANG_WARN_SUSPICIOUS_MOVE = YES;
				CLANG_WARN_UNGUARDED_AVAILABILITY = YES_AGGRESSIVE;
				CLANG_WARN_UNREACHABLE_CODE = YES;
				CLANG_WARN__DUPLICATE_METHOD_MATCH = YES;
				COPY_PHASE_STRIP = NO;
				DEBUG_INFORMATION_FORMAT = "dwarf-with-dsym";
				ENABLE_NS_ASSERTIONS = NO;
				ENABLE_STRICT_OBJC_MSGSEND = YES;
				ENABLE_USER_SCRIPT_SANDBOXING = YES;
				GCC_C_LANGUAGE_STANDARD = gnu17;
				GCC_NO_COMMON_BLOCKS = YES;
				GCC_WARN_64_TO_32_BIT_CONVERSION = YES;
				GCC_WARN_ABOUT_RETURN_TYPE = YES_ERROR;
				GCC_WARN_UNDECLARED_SELECTOR = YES;
				GCC_WARN_UNINITIALIZED_AUTOS = YES_AGGRESSIVE;
				GCC_WARN_UNUSED_FUNCTION = YES;
				GCC_WARN_UNUSED_VARIABLE = YES;
				IPHONEOS_DEPLOYMENT_TARGET = 17.2;
				LOCALIZATION_PREFERS_STRING_CATALOGS = YES;
				MTL_ENABLE_DEBUG_INFO = NO;
				MTL_FAST_MATH = YES;
				SDKROOT = iphoneos;
				SWIFT_COMPILATION_MODE = wholemodule;
				VALIDATE_PRODUCT = YES;
			};
			name = Release;
		};
		CE3426B12B4ACBE800B3970E /* Debug */ = {
			isa = XCBuildConfiguration;
			buildSettings = {
				ASSETCATALOG_COMPILER_APPICON_NAME = AppIcon;
				ASSETCATALOG_COMPILER_GLOBAL_ACCENT_COLOR_NAME = AccentColor;
				CODE_SIGN_STYLE = Automatic;
				CURRENT_PROJECT_VERSION = 1;
				DEVELOPMENT_ASSET_PATHS = "\"lomlChat-SwiftUI/Preview Content\"";
				DEVELOPMENT_TEAM = 56A7RU2L35;
				ENABLE_PREVIEWS = YES;
				GENERATE_INFOPLIST_FILE = YES;
				INFOPLIST_KEY_UIApplicationSceneManifest_Generation = YES;
				INFOPLIST_KEY_UIApplicationSupportsIndirectInputEvents = YES;
				INFOPLIST_KEY_UILaunchScreen_Generation = YES;
				INFOPLIST_KEY_UISupportedInterfaceOrientations_iPad = "UIInterfaceOrientationPortrait UIInterfaceOrientationPortraitUpsideDown UIInterfaceOrientationLandscapeLeft UIInterfaceOrientationLandscapeRight";
				INFOPLIST_KEY_UISupportedInterfaceOrientations_iPhone = "UIInterfaceOrientationPortrait UIInterfaceOrientationLandscapeLeft UIInterfaceOrientationLandscapeRight";
				LD_RUNPATH_SEARCH_PATHS = (
					"$(inherited)",
					"@executable_path/Frameworks",
				);
				MARKETING_VERSION = 1.0;
				PRODUCT_BUNDLE_IDENTIFIER = "com.hmoo.lomlChat-SwiftUI";
				PRODUCT_NAME = "$(TARGET_NAME)";
				SWIFT_EMIT_LOC_STRINGS = YES;
				SWIFT_VERSION = 5.0;
				TARGETED_DEVICE_FAMILY = "1,2";
			};
			name = Debug;
		};
		CE3426B22B4ACBE800B3970E /* Release */ = {
			isa = XCBuildConfiguration;
			buildSettings = {
				ASSETCATALOG_COMPILER_APPICON_NAME = AppIcon;
				ASSETCATALOG_COMPILER_GLOBAL_ACCENT_COLOR_NAME = AccentColor;
				CODE_SIGN_STYLE = Automatic;
				CURRENT_PROJECT_VERSION = 1;
				DEVELOPMENT_ASSET_PATHS = "\"lomlChat-SwiftUI/Preview Content\"";
				DEVELOPMENT_TEAM = 56A7RU2L35;
				ENABLE_PREVIEWS = YES;
				GENERATE_INFOPLIST_FILE = YES;
				INFOPLIST_KEY_UIApplicationSceneManifest_Generation = YES;
				INFOPLIST_KEY_UIApplicationSupportsIndirectInputEvents = YES;
				INFOPLIST_KEY_UILaunchScreen_Generation = YES;
				INFOPLIST_KEY_UISupportedInterfaceOrientations_iPad = "UIInterfaceOrientationPortrait UIInterfaceOrientationPortraitUpsideDown UIInterfaceOrientationLandscapeLeft UIInterfaceOrientationLandscapeRight";
				INFOPLIST_KEY_UISupportedInterfaceOrientations_iPhone = "UIInterfaceOrientationPortrait UIInterfaceOrientationLandscapeLeft UIInterfaceOrientationLandscapeRight";
				LD_RUNPATH_SEARCH_PATHS = (
					"$(inherited)",
					"@executable_path/Frameworks",
				);
				MARKETING_VERSION = 1.0;
				PRODUCT_BUNDLE_IDENTIFIER = "com.hmoo.lomlChat-SwiftUI";
				PRODUCT_NAME = "$(TARGET_NAME)";
				SWIFT_EMIT_LOC_STRINGS = YES;
				SWIFT_VERSION = 5.0;
				TARGETED_DEVICE_FAMILY = "1,2";
			};
			name = Release;
		};
/* End XCBuildConfiguration section */

/* Begin XCConfigurationList section */
		CE34269D2B4ACBE500B3970E /* Build configuration list for PBXProject "lomlChat-SwiftUI" */ = {
			isa = XCConfigurationList;
			buildConfigurations = (
				CE3426AE2B4ACBE800B3970E /* Debug */,
				CE3426AF2B4ACBE800B3970E /* Release */,
			);
			defaultConfigurationIsVisible = 0;
			defaultConfigurationName = Release;
		};
		CE3426B02B4ACBE800B3970E /* Build configuration list for PBXNativeTarget "lomlChat-SwiftUI" */ = {
			isa = XCConfigurationList;
			buildConfigurations = (
				CE3426B12B4ACBE800B3970E /* Debug */,
				CE3426B22B4ACBE800B3970E /* Release */,
			);
			defaultConfigurationIsVisible = 0;
			defaultConfigurationName = Release;
		};
/* End XCConfigurationList section */
	};
	rootObject = CE34269A2B4ACBE500B3970E /* Project object */;
}
